
Microsoft Visual Studio Solution File, Format Version 12.00
# Visual Studio Version 16
VisualStudioVersion = 16.0.31613.86
MinimumVisualStudioVersion = 10.0.40219.1
Project("{9A19103F-16F7-4668-BE54-9A1E7A4F7556}") = "ProgramFile", "ProgramFile.csproj", "{8106B5AB-46C8-4CC8-8666-F5856CC36360}"
EndProject
Project("{2150E333-8FDC-42A3-9474-1A3956D46DE8}") = "Solution Items", "Solution Items", "{23A41B54-CDAD-4839-BE82-00D9B4D426FC}"
	ProjectSection(SolutionItems) = preProject
		Class1.cs = Class1.cs
	EndProjectSection
EndProject
Project("{FAE04EC0-301F-11D3-BF4B-00C04F79EFBC}") = "ReaderWriter", "..\ReaderWriter\ReaderWriter.csproj", "{EE21C84F-616A-4864-B114-84AB357EF1E4}"
EndProject
Global
	GlobalSection(SolutionConfigurationPlatforms) = preSolution
		Debug|Any CPU = Debug|Any CPU
		Release|Any CPU = Release|Any CPU
	EndGlobalSection
	GlobalSection(ProjectConfigurationPlatforms) = postSolution
		{8106B5AB-46C8-4CC8-8666-F5856CC36360}.Debug|Any CPU.ActiveCfg = Debug|Any CPU
		{8106B5AB-46C8-4CC8-8666-F5856CC36360}.Debug|Any CPU.Build.0 = Debug|Any CPU
		{8106B5AB-46C8-4CC8-8666-F5856CC36360}.Release|Any CPU.ActiveCfg = Release|Any CPU
		{8106B5AB-46C8-4CC8-8666-F5856CC36360}.Release|Any CPU.Build.0 = Release|Any CPU
		{EE21C84F-616A-4864-B114-84AB357EF1E4}.Debug|Any CPU.ActiveCfg = Debug|Any CPU
		{EE21C84F-616A-4864-B114-84AB357EF1E4}.Debug|Any CPU.Build.0 = Debug|Any CPU
		{EE21C84F-616A-4864-B114-84AB357EF1E4}.Release|Any CPU.ActiveCfg = Release|Any CPU
		{EE21C84F-616A-4864-B114-84AB357EF1E4}.Release|Any CPU.Build.0 = Release|Any CPU
	EndGlobalSection
	GlobalSection(SolutionProperties) = preSolution
		HideSolutionNode = FALSE
	EndGlobalSection
	GlobalSection(ExtensibilityGlobals) = postSolution
		SolutionGuid = {26F6AB96-5B7D-472A-A532-203418F222CF}
	EndGlobalSection
EndGlobal
